
Microsoft Visual Studio Solution File, Format Version 12.00
# Visual Studio Version 17
VisualStudioVersion = 17.11.35327.3
MinimumVisualStudioVersion = 10.0.40219.1
Project("{FAE04EC0-301F-11D3-BF4B-00C04F79EFBC}") = "OrderProcessingSystem", "OrderProcessingSystem.csproj", "{A65C8A55-0552-4B9C-9AE7-A1513BADF931}"
EndProject
Global
	GlobalSection(SolutionConfigurationPlatforms) = preSolution
		Debug|Any CPU = Debug|Any CPU
		Release|Any CPU = Release|Any CPU
	EndGlobalSection
	GlobalSection(ProjectConfigurationPlatforms) = postSolution
		{A65C8A55-0552-4B9C-9AE7-A1513BADF931}.Debug|Any CPU.ActiveCfg = Debug|Any CPU
		{A65C8A55-0552-4B9C-9AE7-A1513BADF931}.Debug|Any CPU.Build.0 = Debug|Any CPU
		{A65C8A55-0552-4B9C-9AE7-A1513BADF931}.Release|Any CPU.ActiveCfg = Release|Any CPU
		{A65C8A55-0552-4B9C-9AE7-A1513BADF931}.Release|Any CPU.Build.0 = Release|Any CPU
	EndGlobalSection
	GlobalSection(SolutionProperties) = preSolution
		HideSolutionNode = FALSE
	EndGlobalSection
	GlobalSection(ExtensibilityGlobals) = postSolution
		SolutionGuid = {06C841D8-DDDB-4734-9470-081044FF5C67}
	EndGlobalSection
EndGlobal
